
Microsoft Visual Studio Solution File, Format Version 12.00
# Visual Studio Version 16
VisualStudioVersion = 16.0.30320.27
MinimumVisualStudioVersion = 10.0.40219.1
Project("{FAE04EC0-301F-11D3-BF4B-00C04F79EFBC}") = "Cyberpaint_2077", "Cyberpaint_2077.csproj", "{C6FD9D90-ADAE-41D3-A436-6AEF80B79D2C}"
EndProject
Global
	GlobalSection(SolutionConfigurationPlatforms) = preSolution
		Debug|Any CPU = Debug|Any CPU
		Release|Any CPU = Release|Any CPU
	EndGlobalSection
	GlobalSection(ProjectConfigurationPlatforms) = postSolution
		{C6FD9D90-ADAE-41D3-A436-6AEF80B79D2C}.Debug|Any CPU.ActiveCfg = Debug|Any CPU
		{C6FD9D90-ADAE-41D3-A436-6AEF80B79D2C}.Debug|Any CPU.Build.0 = Debug|Any CPU
		{C6FD9D90-ADAE-41D3-A436-6AEF80B79D2C}.Release|Any CPU.ActiveCfg = Release|Any CPU
		{C6FD9D90-ADAE-41D3-A436-6AEF80B79D2C}.Release|Any CPU.Build.0 = Release|Any CPU
	EndGlobalSection
	GlobalSection(SolutionProperties) = preSolution
		HideSolutionNode = FALSE
	EndGlobalSection
	GlobalSection(ExtensibilityGlobals) = postSolution
		SolutionGuid = {8F710BFC-FD2F-4015-B8EA-2335EE8E49C5}
	EndGlobalSection
EndGlobal
